
Microsoft Visual Studio Solution File, Format Version 12.00
# Visual Studio Version 17
VisualStudioVersion = 17.13.35931.197 d17.13
MinimumVisualStudioVersion = 10.0.40219.1
Project("{FAE04EC0-301F-11D3-BF4B-00C04F79EFBC}") = "02_ClienteWeb", "02_ClienteWeb.csproj", "{25875936-0A8D-4F48-9A95-C47FE89A272C}"
EndProject
Global
	GlobalSection(SolutionConfigurationPlatforms) = preSolution
		Debug|Any CPU = Debug|Any CPU
		Release|Any CPU = Release|Any CPU
	EndGlobalSection
	GlobalSection(ProjectConfigurationPlatforms) = postSolution
		{25875936-0A8D-4F48-9A95-C47FE89A272C}.Debug|Any CPU.ActiveCfg = Debug|Any CPU
		{25875936-0A8D-4F48-9A95-C47FE89A272C}.Debug|Any CPU.Build.0 = Debug|Any CPU
		{25875936-0A8D-4F48-9A95-C47FE89A272C}.Release|Any CPU.ActiveCfg = Release|Any CPU
		{25875936-0A8D-4F48-9A95-C47FE89A272C}.Release|Any CPU.Build.0 = Release|Any CPU
	EndGlobalSection
	GlobalSection(SolutionProperties) = preSolution
		HideSolutionNode = FALSE
	EndGlobalSection
	GlobalSection(ExtensibilityGlobals) = postSolution
		SolutionGuid = {998B0381-A711-4B6F-B6D5-8B8573ACEA3E}
	EndGlobalSection
EndGlobal
